
Microsoft Visual Studio Solution File, Format Version 12.00
# Visual Studio Version 17
VisualStudioVersion = 17.12.35707.178
MinimumVisualStudioVersion = 10.0.40219.1
Project("{2150E333-8FDC-42A3-9474-1A3956D46DE8}") = "Documentation", "Documentation", "{E7F392A5-B026-4065-934F-1849C5D07040}"
	ProjectSection(SolutionItems) = preProject
		Documentation\GroupMembers.md = Documentation\GroupMembers.md
		Documentation\Missing.md = Documentation\Missing.md
		Documentation\ReadMe.md = Documentation\ReadMe.md
	EndProjectSection
EndProject
Project("{2150E333-8FDC-42A3-9474-1A3956D46DE8}") = "src", "src", "{6175952B-0BE9-4080-A47B-03A9E120B137}"
EndProject
Project("{2150E333-8FDC-42A3-9474-1A3956D46DE8}") = "Core", "Core", "{18D14F9D-11C1-4F44-B185-8ABF8F25A33A}"
EndProject
Project("{2150E333-8FDC-42A3-9474-1A3956D46DE8}") = "Tools", "Tools", "{5D600B35-8243-4DCB-9613-38B3BD06727A}"
EndProject
Project("{FAE04EC0-301F-11D3-BF4B-00C04F79EFBC}") = "EventAssociation.Core.Tools.OperationResult", "src\Core\Tools\EventAssociation.Core.Tools.OperationResult\EventAssociation.Core.Tools.OperationResult.csproj", "{FBC26E72-6828-4DBD-92D8-F4C43CD72C19}"
EndProject
Project("{2150E333-8FDC-42A3-9474-1A3956D46DE8}") = "Tests", "Tests", "{FA2D8EC6-71B6-4B58-A556-37E7C23E2BA4}"
EndProject
Project("{FAE04EC0-301F-11D3-BF4B-00C04F79EFBC}") = "UnitTests", "Tests\UnitTests\UnitTests.csproj", "{0B67FAE9-CEDF-41A0-9941-CCA8FFFF86C8}"
EndProject
Project("{2150E333-8FDC-42A3-9474-1A3956D46DE8}") = "Assignment1", "Assignment1", "{E690EFD1-1E06-4F51-B354-1375C7BEE1DA}"
	ProjectSection(SolutionItems) = preProject
		Documentation\DomainModel_Aneimic.drawio = Documentation\DomainModel_Aneimic.drawio
		Documentation\DomainModel_Aneimic.drawio.svg = Documentation\DomainModel_Aneimic.drawio.svg
	EndProjectSection
EndProject
Project("{2150E333-8FDC-42A3-9474-1A3956D46DE8}") = "Assignment2", "Assignment2", "{B5863F55-0030-4BA3-BDA7-BAA90A9AE0F5}"
	ProjectSection(SolutionItems) = preProject
		Documentation\Concrete Domain Model.drawio = Documentation\Concrete Domain Model.drawio
		Documentation\Concrete Domain Model.drawio.svg = Documentation\Concrete Domain Model.drawio.svg
	EndProjectSection
EndProject
Project("{2150E333-8FDC-42A3-9474-1A3956D46DE8}") = "Assignment4", "Assignment4", "{0E74300A-D7F4-4F39-9667-DDA0FE1A4AD9}"
	ProjectSection(SolutionItems) = preProject
		Documentation\Assignment4\CompleteFeatureOverview.md = Documentation\Assignment4\CompleteFeatureOverview.md
	EndProjectSection
EndProject
Project("{FAE04EC0-301F-11D3-BF4B-00C04F79EFBC}") = "EventAssociation.Core.Domain", "src\Core\EventAssociation.Core.Domain\EventAssociation.Core.Domain.csproj", "{D1802283-E58E-45CC-9119-505425C78A2B}"
EndProject
Project("{FAE04EC0-301F-11D3-BF4B-00C04F79EFBC}") = "EventAssociation.Core.Application", "src\Core\EventAssociation.Core.Application\EventAssociation.Core.Application.csproj", "{9526D8E1-B886-4314-9DCD-A5982B312947}"
EndProject
Project("{2150E333-8FDC-42A3-9474-1A3956D46DE8}") = "Assignment5", "Assignment5", "{23FD0153-2E32-462D-9FC0-4B07A438D904}"
	ProjectSection(SolutionItems) = preProject
		CompleteFeatureOverviewAssignment5.md = CompleteFeatureOverviewAssignment5.md
	EndProjectSection
EndProject
Project("{2150E333-8FDC-42A3-9474-1A3956D46DE8}") = "Infrastructure", "Infrastructure", "{EAAF8344-79E8-45B5-A3EC-932B3B0A78AC}"
EndProject
Project("{FAE04EC0-301F-11D3-BF4B-00C04F79EFBC}") = "EventAssociation.Infrastructure.SqlliteDmPersistence", "src\EventAssociation.Infrastructure.SqlliteDmPersistence\EventAssociation.Infrastructure.SqlliteDmPersistence.csproj", "{979AA568-F416-449E-802F-5F60FAC58D47}"
EndProject
<<<<<<< HEAD
Project("{FAE04EC0-301F-11D3-BF4B-00C04F79EFBC}") = "QueryContracts", "QueryContracts\QueryContracts.csproj", "{086EBD73-F45D-47C4-B5DE-BA9E24486F1A}"
EndProject
Project("{FAE04EC0-301F-11D3-BF4B-00C04F79EFBC}") = "EfcQueries", "EfcQueries\EfcQueries.csproj", "{1594C019-EE0D-494F-9D25-9AF504C831B8}"
=======
Project("{2150E333-8FDC-42A3-9474-1A3956D46DE8}") = "Presentation", "Presentation", "{EBAEB5D3-0624-4141-8FB5-483FF42E3522}"
EndProject
Project("{FAE04EC0-301F-11D3-BF4B-00C04F79EFBC}") = "EventAssociation.Presentation.WebAPI", "EventAssociation.Presentation.WebAPI\EventAssociation.Presentation.WebAPI.csproj", "{11EC3B5E-B917-4633-B227-2CB66AFD1CEA}"
EndProject
Project("{FAE04EC0-301F-11D3-BF4B-00C04F79EFBC}") = "Core.Tools.ObjectMapper", "Core.Tools.ObjectMapper\Core.Tools.ObjectMapper.csproj", "{6E332BEB-FB25-4B30-BECE-096A10029028}"
>>>>>>> WebAPI
EndProject
Global
	GlobalSection(SolutionConfigurationPlatforms) = preSolution
		Debug|Any CPU = Debug|Any CPU
		Release|Any CPU = Release|Any CPU
	EndGlobalSection
	GlobalSection(ProjectConfigurationPlatforms) = postSolution
		{FBC26E72-6828-4DBD-92D8-F4C43CD72C19}.Debug|Any CPU.ActiveCfg = Debug|Any CPU
		{FBC26E72-6828-4DBD-92D8-F4C43CD72C19}.Debug|Any CPU.Build.0 = Debug|Any CPU
		{FBC26E72-6828-4DBD-92D8-F4C43CD72C19}.Release|Any CPU.ActiveCfg = Release|Any CPU
		{FBC26E72-6828-4DBD-92D8-F4C43CD72C19}.Release|Any CPU.Build.0 = Release|Any CPU
		{0B67FAE9-CEDF-41A0-9941-CCA8FFFF86C8}.Debug|Any CPU.ActiveCfg = Debug|Any CPU
		{0B67FAE9-CEDF-41A0-9941-CCA8FFFF86C8}.Debug|Any CPU.Build.0 = Debug|Any CPU
		{0B67FAE9-CEDF-41A0-9941-CCA8FFFF86C8}.Release|Any CPU.ActiveCfg = Release|Any CPU
		{0B67FAE9-CEDF-41A0-9941-CCA8FFFF86C8}.Release|Any CPU.Build.0 = Release|Any CPU
		{D1802283-E58E-45CC-9119-505425C78A2B}.Debug|Any CPU.ActiveCfg = Debug|Any CPU
		{D1802283-E58E-45CC-9119-505425C78A2B}.Debug|Any CPU.Build.0 = Debug|Any CPU
		{D1802283-E58E-45CC-9119-505425C78A2B}.Release|Any CPU.ActiveCfg = Release|Any CPU
		{D1802283-E58E-45CC-9119-505425C78A2B}.Release|Any CPU.Build.0 = Release|Any CPU
		{9526D8E1-B886-4314-9DCD-A5982B312947}.Debug|Any CPU.ActiveCfg = Debug|Any CPU
		{9526D8E1-B886-4314-9DCD-A5982B312947}.Debug|Any CPU.Build.0 = Debug|Any CPU
		{9526D8E1-B886-4314-9DCD-A5982B312947}.Release|Any CPU.ActiveCfg = Release|Any CPU
		{9526D8E1-B886-4314-9DCD-A5982B312947}.Release|Any CPU.Build.0 = Release|Any CPU
		{979AA568-F416-449E-802F-5F60FAC58D47}.Debug|Any CPU.ActiveCfg = Debug|Any CPU
		{979AA568-F416-449E-802F-5F60FAC58D47}.Debug|Any CPU.Build.0 = Debug|Any CPU
		{979AA568-F416-449E-802F-5F60FAC58D47}.Release|Any CPU.ActiveCfg = Release|Any CPU
		{979AA568-F416-449E-802F-5F60FAC58D47}.Release|Any CPU.Build.0 = Release|Any CPU
<<<<<<< HEAD
		{086EBD73-F45D-47C4-B5DE-BA9E24486F1A}.Debug|Any CPU.ActiveCfg = Debug|Any CPU
		{086EBD73-F45D-47C4-B5DE-BA9E24486F1A}.Debug|Any CPU.Build.0 = Debug|Any CPU
		{086EBD73-F45D-47C4-B5DE-BA9E24486F1A}.Release|Any CPU.ActiveCfg = Release|Any CPU
		{086EBD73-F45D-47C4-B5DE-BA9E24486F1A}.Release|Any CPU.Build.0 = Release|Any CPU
		{1594C019-EE0D-494F-9D25-9AF504C831B8}.Debug|Any CPU.ActiveCfg = Debug|Any CPU
		{1594C019-EE0D-494F-9D25-9AF504C831B8}.Debug|Any CPU.Build.0 = Debug|Any CPU
		{1594C019-EE0D-494F-9D25-9AF504C831B8}.Release|Any CPU.ActiveCfg = Release|Any CPU
		{1594C019-EE0D-494F-9D25-9AF504C831B8}.Release|Any CPU.Build.0 = Release|Any CPU
=======
		{11EC3B5E-B917-4633-B227-2CB66AFD1CEA}.Debug|Any CPU.ActiveCfg = Debug|Any CPU
		{11EC3B5E-B917-4633-B227-2CB66AFD1CEA}.Debug|Any CPU.Build.0 = Debug|Any CPU
		{11EC3B5E-B917-4633-B227-2CB66AFD1CEA}.Release|Any CPU.ActiveCfg = Release|Any CPU
		{11EC3B5E-B917-4633-B227-2CB66AFD1CEA}.Release|Any CPU.Build.0 = Release|Any CPU
		{6E332BEB-FB25-4B30-BECE-096A10029028}.Debug|Any CPU.ActiveCfg = Debug|Any CPU
		{6E332BEB-FB25-4B30-BECE-096A10029028}.Debug|Any CPU.Build.0 = Debug|Any CPU
		{6E332BEB-FB25-4B30-BECE-096A10029028}.Release|Any CPU.ActiveCfg = Release|Any CPU
		{6E332BEB-FB25-4B30-BECE-096A10029028}.Release|Any CPU.Build.0 = Release|Any CPU
>>>>>>> WebAPI
	EndGlobalSection
	GlobalSection(SolutionProperties) = preSolution
		HideSolutionNode = FALSE
	EndGlobalSection
	GlobalSection(NestedProjects) = preSolution
		{18D14F9D-11C1-4F44-B185-8ABF8F25A33A} = {6175952B-0BE9-4080-A47B-03A9E120B137}
		{5D600B35-8243-4DCB-9613-38B3BD06727A} = {18D14F9D-11C1-4F44-B185-8ABF8F25A33A}
		{FBC26E72-6828-4DBD-92D8-F4C43CD72C19} = {5D600B35-8243-4DCB-9613-38B3BD06727A}
		{0B67FAE9-CEDF-41A0-9941-CCA8FFFF86C8} = {FA2D8EC6-71B6-4B58-A556-37E7C23E2BA4}
		{E690EFD1-1E06-4F51-B354-1375C7BEE1DA} = {E7F392A5-B026-4065-934F-1849C5D07040}
		{B5863F55-0030-4BA3-BDA7-BAA90A9AE0F5} = {E7F392A5-B026-4065-934F-1849C5D07040}
		{0E74300A-D7F4-4F39-9667-DDA0FE1A4AD9} = {E7F392A5-B026-4065-934F-1849C5D07040}
		{D1802283-E58E-45CC-9119-505425C78A2B} = {18D14F9D-11C1-4F44-B185-8ABF8F25A33A}
		{9526D8E1-B886-4314-9DCD-A5982B312947} = {18D14F9D-11C1-4F44-B185-8ABF8F25A33A}
		{23FD0153-2E32-462D-9FC0-4B07A438D904} = {E7F392A5-B026-4065-934F-1849C5D07040}
		{EAAF8344-79E8-45B5-A3EC-932B3B0A78AC} = {6175952B-0BE9-4080-A47B-03A9E120B137}
		{979AA568-F416-449E-802F-5F60FAC58D47} = {EAAF8344-79E8-45B5-A3EC-932B3B0A78AC}
<<<<<<< HEAD
		{086EBD73-F45D-47C4-B5DE-BA9E24486F1A} = {18D14F9D-11C1-4F44-B185-8ABF8F25A33A}
		{1594C019-EE0D-494F-9D25-9AF504C831B8} = {EAAF8344-79E8-45B5-A3EC-932B3B0A78AC}
=======
		{EBAEB5D3-0624-4141-8FB5-483FF42E3522} = {6175952B-0BE9-4080-A47B-03A9E120B137}
		{11EC3B5E-B917-4633-B227-2CB66AFD1CEA} = {EBAEB5D3-0624-4141-8FB5-483FF42E3522}
		{6E332BEB-FB25-4B30-BECE-096A10029028} = {5D600B35-8243-4DCB-9613-38B3BD06727A}
>>>>>>> WebAPI
	EndGlobalSection
EndGlobal
